
Microsoft Visual Studio Solution File, Format Version 12.00
# Visual Studio 15
VisualStudioVersion = 15.0.28307.1433
MinimumVisualStudioVersion = 10.0.40219.1
Project("{FAE04EC0-301F-11D3-BF4B-00C04F79EFBC}") = "geometry", "geometry\geometry.csproj", "{F7481388-B406-48A9-AE74-15D609EAD50E}"
EndProject
Global
	GlobalSection(SolutionConfigurationPlatforms) = preSolution
		Debug|Any CPU = Debug|Any CPU
		Release|Any CPU = Release|Any CPU
	EndGlobalSection
	GlobalSection(ProjectConfigurationPlatforms) = postSolution
		{F7481388-B406-48A9-AE74-15D609EAD50E}.Debug|Any CPU.ActiveCfg = Debug|Any CPU
		{F7481388-B406-48A9-AE74-15D609EAD50E}.Debug|Any CPU.Build.0 = Debug|Any CPU
		{F7481388-B406-48A9-AE74-15D609EAD50E}.Release|Any CPU.ActiveCfg = Release|Any CPU
		{F7481388-B406-48A9-AE74-15D609EAD50E}.Release|Any CPU.Build.0 = Release|Any CPU
	EndGlobalSection
	GlobalSection(SolutionProperties) = preSolution
		HideSolutionNode = FALSE
	EndGlobalSection
	GlobalSection(ExtensibilityGlobals) = postSolution
		SolutionGuid = {7554490B-137B-40A3-AFE9-D1A7C64B5FFF}
	EndGlobalSection
EndGlobal
